
Microsoft Visual Studio Solution File, Format Version 12.00
Project("{FAE04EC0-301F-11D3-BF4B-00C04F79EFBC}") = "eShop.API", "eShop.API\eShop.API.csproj", "{78CD90EF-98AE-4962-9876-736B188E36AE}"
EndProject
Project("{FAE04EC0-301F-11D3-BF4B-00C04F79EFBC}") = "Data.Entities", "Data.Entities\Data.Entities.csproj", "{D5A1E1A6-84C5-4A02-B907-53ED6998D835}"
EndProject
Project("{FAE04EC0-301F-11D3-BF4B-00C04F79EFBC}") = "Data.Abstraction", "Data.Abstraction\Data.Abstraction.csproj", "{B6A0AB5D-F214-4548-A142-0C7ADB236DFC}"
EndProject
Project("{FAE04EC0-301F-11D3-BF4B-00C04F79EFBC}") = "Data.Implementation", "Data.Implementation\Data.Implementation.csproj", "{BF5709F2-6D7E-4961-A0C2-28A69DE7B7EC}"
EndProject
Project("{FAE04EC0-301F-11D3-BF4B-00C04F79EFBC}") = "Business.Models", "Business.Models\Business.Models.csproj", "{00FDF3D3-FAE0-49DC-A7BE-2210AAF5F3FF}"
EndProject
Project("{FAE04EC0-301F-11D3-BF4B-00C04F79EFBC}") = "Business.Abstraction", "Business.Abstraction\Business.Abstraction.csproj", "{BC2C3D24-DE5E-4E4D-9413-033F4B37ED38}"
EndProject
Project("{FAE04EC0-301F-11D3-BF4B-00C04F79EFBC}") = "Business.Implementation", "Business.Implementation\Business.Implementation.csproj", "{08B67F4E-2789-4603-AFA7-09AF19E083FC}"
EndProject
Global
	GlobalSection(SolutionConfigurationPlatforms) = preSolution
		Debug|Any CPU = Debug|Any CPU
		Release|Any CPU = Release|Any CPU
	EndGlobalSection
	GlobalSection(ProjectConfigurationPlatforms) = postSolution
		{78CD90EF-98AE-4962-9876-736B188E36AE}.Debug|Any CPU.ActiveCfg = Debug|Any CPU
		{78CD90EF-98AE-4962-9876-736B188E36AE}.Debug|Any CPU.Build.0 = Debug|Any CPU
		{78CD90EF-98AE-4962-9876-736B188E36AE}.Release|Any CPU.ActiveCfg = Release|Any CPU
		{78CD90EF-98AE-4962-9876-736B188E36AE}.Release|Any CPU.Build.0 = Release|Any CPU
		{D5A1E1A6-84C5-4A02-B907-53ED6998D835}.Debug|Any CPU.ActiveCfg = Debug|Any CPU
		{D5A1E1A6-84C5-4A02-B907-53ED6998D835}.Debug|Any CPU.Build.0 = Debug|Any CPU
		{D5A1E1A6-84C5-4A02-B907-53ED6998D835}.Release|Any CPU.ActiveCfg = Release|Any CPU
		{D5A1E1A6-84C5-4A02-B907-53ED6998D835}.Release|Any CPU.Build.0 = Release|Any CPU
		{B6A0AB5D-F214-4548-A142-0C7ADB236DFC}.Debug|Any CPU.ActiveCfg = Debug|Any CPU
		{B6A0AB5D-F214-4548-A142-0C7ADB236DFC}.Debug|Any CPU.Build.0 = Debug|Any CPU
		{B6A0AB5D-F214-4548-A142-0C7ADB236DFC}.Release|Any CPU.ActiveCfg = Release|Any CPU
		{B6A0AB5D-F214-4548-A142-0C7ADB236DFC}.Release|Any CPU.Build.0 = Release|Any CPU
		{BF5709F2-6D7E-4961-A0C2-28A69DE7B7EC}.Debug|Any CPU.ActiveCfg = Debug|Any CPU
		{BF5709F2-6D7E-4961-A0C2-28A69DE7B7EC}.Debug|Any CPU.Build.0 = Debug|Any CPU
		{BF5709F2-6D7E-4961-A0C2-28A69DE7B7EC}.Release|Any CPU.ActiveCfg = Release|Any CPU
		{BF5709F2-6D7E-4961-A0C2-28A69DE7B7EC}.Release|Any CPU.Build.0 = Release|Any CPU
		{00FDF3D3-FAE0-49DC-A7BE-2210AAF5F3FF}.Debug|Any CPU.ActiveCfg = Debug|Any CPU
		{00FDF3D3-FAE0-49DC-A7BE-2210AAF5F3FF}.Debug|Any CPU.Build.0 = Debug|Any CPU
		{00FDF3D3-FAE0-49DC-A7BE-2210AAF5F3FF}.Release|Any CPU.ActiveCfg = Release|Any CPU
		{00FDF3D3-FAE0-49DC-A7BE-2210AAF5F3FF}.Release|Any CPU.Build.0 = Release|Any CPU
		{BC2C3D24-DE5E-4E4D-9413-033F4B37ED38}.Debug|Any CPU.ActiveCfg = Debug|Any CPU
		{BC2C3D24-DE5E-4E4D-9413-033F4B37ED38}.Debug|Any CPU.Build.0 = Debug|Any CPU
		{BC2C3D24-DE5E-4E4D-9413-033F4B37ED38}.Release|Any CPU.ActiveCfg = Release|Any CPU
		{BC2C3D24-DE5E-4E4D-9413-033F4B37ED38}.Release|Any CPU.Build.0 = Release|Any CPU
		{08B67F4E-2789-4603-AFA7-09AF19E083FC}.Debug|Any CPU.ActiveCfg = Debug|Any CPU
		{08B67F4E-2789-4603-AFA7-09AF19E083FC}.Debug|Any CPU.Build.0 = Debug|Any CPU
		{08B67F4E-2789-4603-AFA7-09AF19E083FC}.Release|Any CPU.ActiveCfg = Release|Any CPU
		{08B67F4E-2789-4603-AFA7-09AF19E083FC}.Release|Any CPU.Build.0 = Release|Any CPU
	EndGlobalSection
EndGlobal
